
Microsoft Visual Studio Solution File, Format Version 12.00
# Visual Studio Version 17
VisualStudioVersion = 17.6.33801.468
MinimumVisualStudioVersion = 10.0.40219.1
Project("{9A19103F-16F7-4668-BE54-9A1E7A4F7556}") = "Edi.AspNetCore.Jwt", "Edi.AspNetCore.Jwt\Edi.AspNetCore.Jwt.csproj", "{2E437EF3-A305-4C3A-8707-3FC652FD3456}"
EndProject
Project("{9A19103F-16F7-4668-BE54-9A1E7A4F7556}") = "TestApi", "TestApi\TestApi.csproj", "{47F40FE7-26B9-4922-870E-5533CA8D2676}"
EndProject
Project("{9A19103F-16F7-4668-BE54-9A1E7A4F7556}") = "Edi.AspNetCore.Jwt.Tests", "Edi.AspNetCore.Jwt.Tests\Edi.AspNetCore.Jwt.Tests.csproj", "{419FBC13-E101-483C-AEAA-57AC0F915106}"
EndProject
Project("{9A19103F-16F7-4668-BE54-9A1E7A4F7556}") = "Edi.AspNetCore.Jwt.InMemory", "Edi.AspNetCore.Jwt.InMemory\Edi.AspNetCore.Jwt.InMemory.csproj", "{28D6E6AF-F8A4-441B-BA87-C24DB25F0921}"
EndProject
Project("{2150E333-8FDC-42A3-9474-1A3956D46DE8}") = "Solution Items", "Solution Items", "{96CAD6E3-49AD-4489-BFE8-168635D340C0}"
	ProjectSection(SolutionItems) = preProject
		..\.github\workflows\dotnet.yml = ..\.github\workflows\dotnet.yml
	EndProjectSection
EndProject
Project("{2150E333-8FDC-42A3-9474-1A3956D46DE8}") = "Tests", "Tests", "{2CC66073-552E-4D6C-9CBF-B0912DF4B7F6}"
EndProject
Project("{2150E333-8FDC-42A3-9474-1A3956D46DE8}") = "Lib", "Lib", "{C0E802DA-F86A-4627-98D5-6C1CAA5B648E}"
EndProject
Global
	GlobalSection(SolutionConfigurationPlatforms) = preSolution
		Debug|Any CPU = Debug|Any CPU
		Release|Any CPU = Release|Any CPU
	EndGlobalSection
	GlobalSection(ProjectConfigurationPlatforms) = postSolution
		{2E437EF3-A305-4C3A-8707-3FC652FD3456}.Debug|Any CPU.ActiveCfg = Debug|Any CPU
		{2E437EF3-A305-4C3A-8707-3FC652FD3456}.Debug|Any CPU.Build.0 = Debug|Any CPU
		{2E437EF3-A305-4C3A-8707-3FC652FD3456}.Release|Any CPU.ActiveCfg = Release|Any CPU
		{2E437EF3-A305-4C3A-8707-3FC652FD3456}.Release|Any CPU.Build.0 = Release|Any CPU
		{47F40FE7-26B9-4922-870E-5533CA8D2676}.Debug|Any CPU.ActiveCfg = Debug|Any CPU
		{47F40FE7-26B9-4922-870E-5533CA8D2676}.Debug|Any CPU.Build.0 = Debug|Any CPU
		{47F40FE7-26B9-4922-870E-5533CA8D2676}.Release|Any CPU.ActiveCfg = Release|Any CPU
		{47F40FE7-26B9-4922-870E-5533CA8D2676}.Release|Any CPU.Build.0 = Release|Any CPU
		{419FBC13-E101-483C-AEAA-57AC0F915106}.Debug|Any CPU.ActiveCfg = Debug|Any CPU
		{419FBC13-E101-483C-AEAA-57AC0F915106}.Debug|Any CPU.Build.0 = Debug|Any CPU
		{419FBC13-E101-483C-AEAA-57AC0F915106}.Release|Any CPU.ActiveCfg = Release|Any CPU
		{419FBC13-E101-483C-AEAA-57AC0F915106}.Release|Any CPU.Build.0 = Release|Any CPU
		{28D6E6AF-F8A4-441B-BA87-C24DB25F0921}.Debug|Any CPU.ActiveCfg = Debug|Any CPU
		{28D6E6AF-F8A4-441B-BA87-C24DB25F0921}.Debug|Any CPU.Build.0 = Debug|Any CPU
		{28D6E6AF-F8A4-441B-BA87-C24DB25F0921}.Release|Any CPU.ActiveCfg = Release|Any CPU
		{28D6E6AF-F8A4-441B-BA87-C24DB25F0921}.Release|Any CPU.Build.0 = Release|Any CPU
	EndGlobalSection
	GlobalSection(SolutionProperties) = preSolution
		HideSolutionNode = FALSE
	EndGlobalSection
	GlobalSection(NestedProjects) = preSolution
		{2E437EF3-A305-4C3A-8707-3FC652FD3456} = {C0E802DA-F86A-4627-98D5-6C1CAA5B648E}
		{47F40FE7-26B9-4922-870E-5533CA8D2676} = {2CC66073-552E-4D6C-9CBF-B0912DF4B7F6}
		{419FBC13-E101-483C-AEAA-57AC0F915106} = {2CC66073-552E-4D6C-9CBF-B0912DF4B7F6}
		{28D6E6AF-F8A4-441B-BA87-C24DB25F0921} = {C0E802DA-F86A-4627-98D5-6C1CAA5B648E}
	EndGlobalSection
	GlobalSection(ExtensibilityGlobals) = postSolution
		SolutionGuid = {AF007ACE-71F1-44CC-AE12-EEB07ADB774D}
	EndGlobalSection
EndGlobal
